
Microsoft Visual Studio Solution File, Format Version 12.00
# Visual Studio 15
VisualStudioVersion = 15.0.28307.168
MinimumVisualStudioVersion = 10.0.40219.1
Project("{9A19103F-16F7-4668-BE54-9A1E7A4F7556}") = "CRUD-OOP.MVC", "CRUD-OOP.MVC\CRUD-OOP.MVC.csproj", "{A3B6EA5E-5359-4993-A01B-02F67CB3EB93}"
EndProject
Project("{9A19103F-16F7-4668-BE54-9A1E7A4F7556}") = "CRUD-OOP.Core", "CRUD-OOP.Core\CRUD-OOP.Core.csproj", "{02B07332-9507-4D90-BB1A-5B4635868529}"
EndProject
Project("{9A19103F-16F7-4668-BE54-9A1E7A4F7556}") = "CRUD-OOP.Data", "CRUD-OOP.Data\CRUD-OOP.Data.csproj", "{B9665A8B-7AED-4813-8616-7C865C0B3BC6}"
EndProject
Project("{9A19103F-16F7-4668-BE54-9A1E7A4F7556}") = "CRUD-OOP.Api", "CRUD-OOP.Api\CRUD-OOP.Api.csproj", "{6967EACD-B14D-48E9-A452-27731A7C5F76}"
EndProject
Project("{9A19103F-16F7-4668-BE54-9A1E7A4F7556}") = "CRUD-OOP.Tests", "CRUD-OOP.Tests\CRUD-OOP.Tests.csproj", "{A25056E3-75AE-4F75-8681-94F8EE740B93}"
EndProject
Project("{FAE04EC0-301F-11D3-BF4B-00C04F79EFBC}") = "CRUD-OOP.SharedKernel", "CRUD-OOP.SharedKernel\CRUD-OOP.SharedKernel.csproj", "{49DCD788-FA7F-47C6-A128-24388DDE62AE}"
EndProject
Global
	GlobalSection(SolutionConfigurationPlatforms) = preSolution
		Debug|Any CPU = Debug|Any CPU
		Release|Any CPU = Release|Any CPU
	EndGlobalSection
	GlobalSection(ProjectConfigurationPlatforms) = postSolution
		{A3B6EA5E-5359-4993-A01B-02F67CB3EB93}.Debug|Any CPU.ActiveCfg = Debug|Any CPU
		{A3B6EA5E-5359-4993-A01B-02F67CB3EB93}.Debug|Any CPU.Build.0 = Debug|Any CPU
		{A3B6EA5E-5359-4993-A01B-02F67CB3EB93}.Release|Any CPU.ActiveCfg = Release|Any CPU
		{A3B6EA5E-5359-4993-A01B-02F67CB3EB93}.Release|Any CPU.Build.0 = Release|Any CPU
		{02B07332-9507-4D90-BB1A-5B4635868529}.Debug|Any CPU.ActiveCfg = Debug|Any CPU
		{02B07332-9507-4D90-BB1A-5B4635868529}.Debug|Any CPU.Build.0 = Debug|Any CPU
		{02B07332-9507-4D90-BB1A-5B4635868529}.Release|Any CPU.ActiveCfg = Release|Any CPU
		{02B07332-9507-4D90-BB1A-5B4635868529}.Release|Any CPU.Build.0 = Release|Any CPU
		{B9665A8B-7AED-4813-8616-7C865C0B3BC6}.Debug|Any CPU.ActiveCfg = Debug|Any CPU
		{B9665A8B-7AED-4813-8616-7C865C0B3BC6}.Debug|Any CPU.Build.0 = Debug|Any CPU
		{B9665A8B-7AED-4813-8616-7C865C0B3BC6}.Release|Any CPU.ActiveCfg = Release|Any CPU
		{B9665A8B-7AED-4813-8616-7C865C0B3BC6}.Release|Any CPU.Build.0 = Release|Any CPU
		{6967EACD-B14D-48E9-A452-27731A7C5F76}.Debug|Any CPU.ActiveCfg = Debug|Any CPU
		{6967EACD-B14D-48E9-A452-27731A7C5F76}.Debug|Any CPU.Build.0 = Debug|Any CPU
		{6967EACD-B14D-48E9-A452-27731A7C5F76}.Release|Any CPU.ActiveCfg = Release|Any CPU
		{6967EACD-B14D-48E9-A452-27731A7C5F76}.Release|Any CPU.Build.0 = Release|Any CPU
		{A25056E3-75AE-4F75-8681-94F8EE740B93}.Debug|Any CPU.ActiveCfg = Debug|Any CPU
		{A25056E3-75AE-4F75-8681-94F8EE740B93}.Debug|Any CPU.Build.0 = Debug|Any CPU
		{A25056E3-75AE-4F75-8681-94F8EE740B93}.Release|Any CPU.ActiveCfg = Release|Any CPU
		{A25056E3-75AE-4F75-8681-94F8EE740B93}.Release|Any CPU.Build.0 = Release|Any CPU
		{49DCD788-FA7F-47C6-A128-24388DDE62AE}.Debug|Any CPU.ActiveCfg = Debug|Any CPU
		{49DCD788-FA7F-47C6-A128-24388DDE62AE}.Debug|Any CPU.Build.0 = Debug|Any CPU
		{49DCD788-FA7F-47C6-A128-24388DDE62AE}.Release|Any CPU.ActiveCfg = Release|Any CPU
		{49DCD788-FA7F-47C6-A128-24388DDE62AE}.Release|Any CPU.Build.0 = Release|Any CPU
	EndGlobalSection
	GlobalSection(SolutionProperties) = preSolution
		HideSolutionNode = FALSE
	EndGlobalSection
	GlobalSection(ExtensibilityGlobals) = postSolution
		SolutionGuid = {C33CCBEF-AC8F-4C31-A4FD-EC28F1B9DBB3}
	EndGlobalSection
EndGlobal
